author: STRT
id: 3f7f7b24-3838-4a15-80d1-55133532821f
date: '2026-07-13'
description: Curated attack data generated for detection Cisco Duo Policy Allow Devices
  Without Screen Lock
environment: attack_range
directory: cisco_duo_policy_allow_devices_without_screen_lock
mitre_technique: []
datasets:
- name: cisco_duo_administrator
  path: /datasets/attack_techniques/T1556/cisco_duo_policy_allow_devices_without_screen_lock/cisco_duo_administrator-3f7f7b24-3838-4a15-80d1-55133532821f.log
  sourcetype: cisco:duo:administrator
  source: duo
